
Microsoft Visual Studio Solution File, Format Version 12.00
Project("{FAE04EC0-301F-11D3-BF4B-00C04F79EFBC}") = "ClothingCo.Api", "ClothingCo.Api\ClothingCo.Api.csproj", "{AD34F712-FB52-4879-9FCF-0A0007315C48}"
EndProject
Project("{FAE04EC0-301F-11D3-BF4B-00C04F79EFBC}") = "ClothingCo.Api.Tests", "ClothingCo.Api.Tests\ClothingCo.Api.Tests.csproj", "{C2FA17F1-328A-47F3-860F-E4DAC0A6836C}"
EndProject
Global
	GlobalSection(SolutionConfigurationPlatforms) = preSolution
		Debug|Any CPU = Debug|Any CPU
		Release|Any CPU = Release|Any CPU
	EndGlobalSection
	GlobalSection(ProjectConfigurationPlatforms) = postSolution
		{AD34F712-FB52-4879-9FCF-0A0007315C48}.Debug|Any CPU.ActiveCfg = Debug|Any CPU
		{AD34F712-FB52-4879-9FCF-0A0007315C48}.Debug|Any CPU.Build.0 = Debug|Any CPU
		{AD34F712-FB52-4879-9FCF-0A0007315C48}.Release|Any CPU.ActiveCfg = Release|Any CPU
		{AD34F712-FB52-4879-9FCF-0A0007315C48}.Release|Any CPU.Build.0 = Release|Any CPU
		{C2FA17F1-328A-47F3-860F-E4DAC0A6836C}.Debug|Any CPU.ActiveCfg = Debug|Any CPU
		{C2FA17F1-328A-47F3-860F-E4DAC0A6836C}.Debug|Any CPU.Build.0 = Debug|Any CPU
		{C2FA17F1-328A-47F3-860F-E4DAC0A6836C}.Release|Any CPU.ActiveCfg = Release|Any CPU
		{C2FA17F1-328A-47F3-860F-E4DAC0A6836C}.Release|Any CPU.Build.0 = Release|Any CPU
	EndGlobalSection
EndGlobal
